
Microsoft Visual Studio Solution File, Format Version 12.00
# Visual Studio Version 16
VisualStudioVersion = 16.0.31129.286
MinimumVisualStudioVersion = 10.0.40219.1
Project("{FAE04EC0-301F-11D3-BF4B-00C04F79EFBC}") = "TestApp", "TestApp\TestApp.csproj", "{E2D04C3E-DAED-49FD-847C-6846123F487D}"
EndProject
Project("{FAE04EC0-301F-11D3-BF4B-00C04F79EFBC}") = "CaseTester", "CaseTester\CaseTester.csproj", "{82175EBC-1F54-4E68-B40F-1C2254423267}"
EndProject
Global
	GlobalSection(SolutionConfigurationPlatforms) = preSolution
		Debug|Any CPU = Debug|Any CPU
		Release|Any CPU = Release|Any CPU
	EndGlobalSection
	GlobalSection(ProjectConfigurationPlatforms) = postSolution
		{E2D04C3E-DAED-49FD-847C-6846123F487D}.Debug|Any CPU.ActiveCfg = Debug|Any CPU
		{E2D04C3E-DAED-49FD-847C-6846123F487D}.Debug|Any CPU.Build.0 = Debug|Any CPU
		{E2D04C3E-DAED-49FD-847C-6846123F487D}.Release|Any CPU.ActiveCfg = Release|Any CPU
		{E2D04C3E-DAED-49FD-847C-6846123F487D}.Release|Any CPU.Build.0 = Release|Any CPU
		{82175EBC-1F54-4E68-B40F-1C2254423267}.Debug|Any CPU.ActiveCfg = Debug|Any CPU
		{82175EBC-1F54-4E68-B40F-1C2254423267}.Debug|Any CPU.Build.0 = Debug|Any CPU
		{82175EBC-1F54-4E68-B40F-1C2254423267}.Release|Any CPU.ActiveCfg = Release|Any CPU
		{82175EBC-1F54-4E68-B40F-1C2254423267}.Release|Any CPU.Build.0 = Release|Any CPU
	EndGlobalSection
	GlobalSection(SolutionProperties) = preSolution
		HideSolutionNode = FALSE
	EndGlobalSection
	GlobalSection(ExtensibilityGlobals) = postSolution
		SolutionGuid = {4B42761E-007D-4D67-93CF-594A5AA148BE}
	EndGlobalSection
EndGlobal
